
Microsoft Visual Studio Solution File, Format Version 12.00
# Visual Studio 2013
VisualStudioVersion = 12.0.31101.0
MinimumVisualStudioVersion = 10.0.40219.1
Project("{FAE04EC0-301F-11D3-BF4B-00C04F79EFBC}") = "01FillTheMatrix", "01FillTheMatrix\01FillTheMatrix.csproj", "{2B6CD342-7651-40E4-B5FD-792C7CE0F010}"
EndProject
Project("{FAE04EC0-301F-11D3-BF4B-00C04F79EFBC}") = "02MaximalSum", "02MaximalSum\02MaximalSum.csproj", "{A94626C9-A724-4442-85E3-E5A2841B1CE3}"
EndProject
Project("{FAE04EC0-301F-11D3-BF4B-00C04F79EFBC}") = "03MatrixShuffling", "03MatrixShuffling\03MatrixShuffling.csproj", "{972C42E4-3CBB-4BFF-B805-2D6816CEF5A5}"
EndProject
Global
	GlobalSection(SolutionConfigurationPlatforms) = preSolution
		Debug|Any CPU = Debug|Any CPU
		Release|Any CPU = Release|Any CPU
	EndGlobalSection
	GlobalSection(ProjectConfigurationPlatforms) = postSolution
		{2B6CD342-7651-40E4-B5FD-792C7CE0F010}.Debug|Any CPU.ActiveCfg = Debug|Any CPU
		{2B6CD342-7651-40E4-B5FD-792C7CE0F010}.Debug|Any CPU.Build.0 = Debug|Any CPU
		{2B6CD342-7651-40E4-B5FD-792C7CE0F010}.Release|Any CPU.ActiveCfg = Release|Any CPU
		{2B6CD342-7651-40E4-B5FD-792C7CE0F010}.Release|Any CPU.Build.0 = Release|Any CPU
		{A94626C9-A724-4442-85E3-E5A2841B1CE3}.Debug|Any CPU.ActiveCfg = Debug|Any CPU
		{A94626C9-A724-4442-85E3-E5A2841B1CE3}.Debug|Any CPU.Build.0 = Debug|Any CPU
		{A94626C9-A724-4442-85E3-E5A2841B1CE3}.Release|Any CPU.ActiveCfg = Release|Any CPU
		{A94626C9-A724-4442-85E3-E5A2841B1CE3}.Release|Any CPU.Build.0 = Release|Any CPU
		{972C42E4-3CBB-4BFF-B805-2D6816CEF5A5}.Debug|Any CPU.ActiveCfg = Debug|Any CPU
		{972C42E4-3CBB-4BFF-B805-2D6816CEF5A5}.Debug|Any CPU.Build.0 = Debug|Any CPU
		{972C42E4-3CBB-4BFF-B805-2D6816CEF5A5}.Release|Any CPU.ActiveCfg = Release|Any CPU
		{972C42E4-3CBB-4BFF-B805-2D6816CEF5A5}.Release|Any CPU.Build.0 = Release|Any CPU
	EndGlobalSection
	GlobalSection(SolutionProperties) = preSolution
		HideSolutionNode = FALSE
	EndGlobalSection
EndGlobal
