
Microsoft Visual Studio Solution File, Format Version 12.00
# Visual Studio 2013
VisualStudioVersion = 12.0.40629.0
MinimumVisualStudioVersion = 10.0.40219.1
Project("{FAE04EC0-301F-11D3-BF4B-00C04F79EFBC}") = "01OddLines", "01OddLines\01OddLines.csproj", "{7707FD7D-D6A2-4D3E-904A-41D71B9011E0}"
EndProject
Project("{FAE04EC0-301F-11D3-BF4B-00C04F79EFBC}") = "02LineNumbers", "02LineNumbers\02LineNumbers.csproj", "{1A8AC3FE-3D66-4167-8607-48F15AC2A035}"
EndProject
Project("{FAE04EC0-301F-11D3-BF4B-00C04F79EFBC}") = "03WordCount", "03WordCount\03WordCount.csproj", "{06EEC648-234D-4651-AFBD-B3C752932F56}"
EndProject
Global
	GlobalSection(SolutionConfigurationPlatforms) = preSolution
		Debug|Any CPU = Debug|Any CPU
		Release|Any CPU = Release|Any CPU
	EndGlobalSection
	GlobalSection(ProjectConfigurationPlatforms) = postSolution
		{7707FD7D-D6A2-4D3E-904A-41D71B9011E0}.Debug|Any CPU.ActiveCfg = Debug|Any CPU
		{7707FD7D-D6A2-4D3E-904A-41D71B9011E0}.Debug|Any CPU.Build.0 = Debug|Any CPU
		{7707FD7D-D6A2-4D3E-904A-41D71B9011E0}.Release|Any CPU.ActiveCfg = Release|Any CPU
		{7707FD7D-D6A2-4D3E-904A-41D71B9011E0}.Release|Any CPU.Build.0 = Release|Any CPU
		{1A8AC3FE-3D66-4167-8607-48F15AC2A035}.Debug|Any CPU.ActiveCfg = Debug|Any CPU
		{1A8AC3FE-3D66-4167-8607-48F15AC2A035}.Debug|Any CPU.Build.0 = Debug|Any CPU
		{1A8AC3FE-3D66-4167-8607-48F15AC2A035}.Release|Any CPU.ActiveCfg = Release|Any CPU
		{1A8AC3FE-3D66-4167-8607-48F15AC2A035}.Release|Any CPU.Build.0 = Release|Any CPU
		{06EEC648-234D-4651-AFBD-B3C752932F56}.Debug|Any CPU.ActiveCfg = Debug|Any CPU
		{06EEC648-234D-4651-AFBD-B3C752932F56}.Debug|Any CPU.Build.0 = Debug|Any CPU
		{06EEC648-234D-4651-AFBD-B3C752932F56}.Release|Any CPU.ActiveCfg = Release|Any CPU
		{06EEC648-234D-4651-AFBD-B3C752932F56}.Release|Any CPU.Build.0 = Release|Any CPU
	EndGlobalSection
	GlobalSection(SolutionProperties) = preSolution
		HideSolutionNode = FALSE
	EndGlobalSection
EndGlobal
