
Microsoft Visual Studio Solution File, Format Version 12.00
# Visual Studio 2013
VisualStudioVersion = 12.0.31101.0
MinimumVisualStudioVersion = 10.0.40219.1
Project("{FAE04EC0-301F-11D3-BF4B-00C04F79EFBC}") = "01PrimeFactorization", "01PrimeFactorization\01PrimeFactorization.csproj", "{C8C519AA-5B61-47E6-869D-3741E1D7D906}"
EndProject
Project("{FAE04EC0-301F-11D3-BF4B-00C04F79EFBC}") = "02TheSieveOfEratosthenes", "2TheSieveOfEratosthenes\02TheSieveOfEratosthenes.csproj", "{8D3DCA1D-B7AA-4703-82D8-992137100559}"
EndProject
Project("{FAE04EC0-301F-11D3-BF4B-00C04F79EFBC}") = "03InsertionSort", "03InsertionSort\03InsertionSort.csproj", "{841A25EA-FC58-4C2F-9791-AD3834E5404B}"
EndProject
Project("{FAE04EC0-301F-11D3-BF4B-00C04F79EFBC}") = "04LinearAndBinarySearch", "04LinearAndBinarySearch\04LinearAndBinarySearch.csproj", "{D901C107-8D4D-43DA-8288-DFEE61EF0EEC}"
EndProject
Global
	GlobalSection(SolutionConfigurationPlatforms) = preSolution
		Debug|Any CPU = Debug|Any CPU
		Release|Any CPU = Release|Any CPU
	EndGlobalSection
	GlobalSection(ProjectConfigurationPlatforms) = postSolution
		{C8C519AA-5B61-47E6-869D-3741E1D7D906}.Debug|Any CPU.ActiveCfg = Debug|Any CPU
		{C8C519AA-5B61-47E6-869D-3741E1D7D906}.Debug|Any CPU.Build.0 = Debug|Any CPU
		{C8C519AA-5B61-47E6-869D-3741E1D7D906}.Release|Any CPU.ActiveCfg = Release|Any CPU
		{C8C519AA-5B61-47E6-869D-3741E1D7D906}.Release|Any CPU.Build.0 = Release|Any CPU
		{8D3DCA1D-B7AA-4703-82D8-992137100559}.Debug|Any CPU.ActiveCfg = Debug|Any CPU
		{8D3DCA1D-B7AA-4703-82D8-992137100559}.Debug|Any CPU.Build.0 = Debug|Any CPU
		{8D3DCA1D-B7AA-4703-82D8-992137100559}.Release|Any CPU.ActiveCfg = Release|Any CPU
		{8D3DCA1D-B7AA-4703-82D8-992137100559}.Release|Any CPU.Build.0 = Release|Any CPU
		{841A25EA-FC58-4C2F-9791-AD3834E5404B}.Debug|Any CPU.ActiveCfg = Debug|Any CPU
		{841A25EA-FC58-4C2F-9791-AD3834E5404B}.Debug|Any CPU.Build.0 = Debug|Any CPU
		{841A25EA-FC58-4C2F-9791-AD3834E5404B}.Release|Any CPU.ActiveCfg = Release|Any CPU
		{841A25EA-FC58-4C2F-9791-AD3834E5404B}.Release|Any CPU.Build.0 = Release|Any CPU
		{D901C107-8D4D-43DA-8288-DFEE61EF0EEC}.Debug|Any CPU.ActiveCfg = Debug|Any CPU
		{D901C107-8D4D-43DA-8288-DFEE61EF0EEC}.Debug|Any CPU.Build.0 = Debug|Any CPU
		{D901C107-8D4D-43DA-8288-DFEE61EF0EEC}.Release|Any CPU.ActiveCfg = Release|Any CPU
		{D901C107-8D4D-43DA-8288-DFEE61EF0EEC}.Release|Any CPU.Build.0 = Release|Any CPU
	EndGlobalSection
	GlobalSection(SolutionProperties) = preSolution
		HideSolutionNode = FALSE
	EndGlobalSection
EndGlobal
